
Microsoft Visual Studio Solution File, Format Version 12.00
# Visual Studio 14
VisualStudioVersion = 14.0.25123.0
MinimumVisualStudioVersion = 10.0.40219.1
Project("{FAE04EC0-301F-11D3-BF4B-00C04F79EFBC}") = "QLearning", "QLearning\QLearning.csproj", "{D59AE59F-3C0E-4EAC-B28C-200C5E8FD333}"
EndProject
Global
	GlobalSection(SolutionConfigurationPlatforms) = preSolution
		Debug|Any CPU = Debug|Any CPU
		Release|Any CPU = Release|Any CPU
	EndGlobalSection
	GlobalSection(ProjectConfigurationPlatforms) = postSolution
		{D59AE59F-3C0E-4EAC-B28C-200C5E8FD333}.Debug|Any CPU.ActiveCfg = Debug|Any CPU
		{D59AE59F-3C0E-4EAC-B28C-200C5E8FD333}.Debug|Any CPU.Build.0 = Debug|Any CPU
		{D59AE59F-3C0E-4EAC-B28C-200C5E8FD333}.Release|Any CPU.ActiveCfg = Release|Any CPU
		{D59AE59F-3C0E-4EAC-B28C-200C5E8FD333}.Release|Any CPU.Build.0 = Release|Any CPU
	EndGlobalSection
	GlobalSection(SolutionProperties) = preSolution
		HideSolutionNode = FALSE
	EndGlobalSection
	GlobalSection(TeamFoundationVersionControl) = preSolution
		SccNumberOfProjects = 2
		SccEnterpriseProvider = {4CA58AB2-18FA-4F8D-95D4-32DDF27D184C}
		SccTeamFoundationServer = https://netmatze.visualstudio.com/
		SccLocalPath0 = .
		SccProjectUniqueName1 = QLearning\\QLearning.csproj
		SccProjectName1 = QLearning
		SccLocalPath1 = QLearning
	EndGlobalSection
EndGlobal
